// !$*UTF8*$!
{
	archiveVersion = 1;
	classes = {
	};
	objectVersion = 50;
	objects = {

/* Begin PBXBuildFile section */
		8280394D216E58C700C9D47F /* AppDelegate.swift in Sources */ = {isa = PBXBuildFile; fileRef = 8280394C216E58C700C9D47F /* AppDelegate.swift */; };
		8280394F216E58C700C9D47F /* TableViewController.swift in Sources */ = {isa = PBXBuildFile; fileRef = 8280394E216E58C700C9D47F /* TableViewController.swift */; };
		82803952216E58C700C9D47F /* Main.storyboard in Resources */ = {isa = PBXBuildFile; fileRef = 82803950216E58C700C9D47F /* Main.storyboard */; };
		82803954216E58C800C9D47F /* Assets.xcassets in Resources */ = {isa = PBXBuildFile; fileRef = 82803953216E58C800C9D47F /* Assets.xcassets */; };
		82803957216E58C800C9D47F /* LaunchScreen.storyboard in Resources */ = {isa = PBXBuildFile; fileRef = 82803955216E58C800C9D47F /* LaunchScreen.storyboard */; };
		82FCC68E216EE86C00698A59 /* DetailViewController.swift in Sources */ = {isa = PBXBuildFile; fileRef = 82FCC68D216EE86C00698A59 /* DetailViewController.swift */; };
		82FCC690216EF43800698A59 /* Model.swift in Sources */ = {isa = PBXBuildFile; fileRef = 82FCC68F216EF43800698A59 /* Model.swift */; };
/* End PBXBuildFile section */

/* Begin PBXFileReference section */
		82803949216E58C700C9D47F /* Sprint 1-1 Table View Controller.app */ = {isa = PBXFileReference; explicitFileType = wrapper.application; includeInIndex = 0; path = "Sprint 1-1 Table View Controller.app"; sourceTree = BUILT_PRODUCTS_DIR; };
		8280394C216E58C700C9D47F /* AppDelegate.swift */ = {isa = PBXFileReference; lastKnownFileType = sourcecode.swift; path = AppDelegate.swift; sourceTree = "<group>"; };
		8280394E216E58C700C9D47F /* TableViewController.swift */ = {isa = PBXFileReference; lastKnownFileType = sourcecode.swift; path = TableViewController.swift; sourceTree = "<group>"; };
		82803951216E58C700C9D47F /* Base */ = {isa = PBXFileReference; lastKnownFileType = file.storyboard; name = Base; path = Base.lproj/Main.storyboard; sourceTree = "<group>"; };
		82803953216E58C800C9D47F /* Assets.xcassets */ = {isa = PBXFileReference; lastKnownFileType = folder.assetcatalog; path = Assets.xcassets; sourceTree = "<group>"; };
		82803956216E58C800C9D47F /* Base */ = {isa = PBXFileReference; lastKnownFileType = file.storyboard; name = Base; path = Base.lproj/LaunchScreen.storyboard; sourceTree = "<group>"; };
		82803958216E58C800C9D47F /* Info.plist */ = {isa = PBXFileReference; lastKnownFileType = text.plist.xml; path = Info.plist; sourceTree = "<group>"; };
		82FCC68D216EE86C00698A59 /* DetailViewController.swift */ = {isa = PBXFileReference; lastKnownFileType = sourcecode.swift; path = DetailViewController.swift; sourceTree = "<group>"; };
		82FCC68F216EF43800698A59 /* Model.swift */ = {isa = PBXFileReference; lastKnownFileType = sourcecode.swift; path = Model.swift; sourceTree = "<group>"; };
/* End PBXFileReference section */

/* Begin PBXFrameworksBuildPhase section */
		82803946216E58C700C9D47F /* Frameworks */ = {
			isa = PBXFrameworksBuildPhase;
			buildActionMask = 2147483647;
			files = (
			);
			runOnlyForDeploymentPostprocessing = 0;
		};
/* End PBXFrameworksBuildPhase section */

/* Begin PBXGroup section */
		82803940216E58C700C9D47F = {
			isa = PBXGroup;
			children = (
				8280394B216E58C700C9D47F /* Sprint 1-1 Table View Controller */,
				8280394A216E58C700C9D47F /* Products */,
			);
			sourceTree = "<group>";
		};
		8280394A216E58C700C9D47F /* Products */ = {
			isa = PBXGroup;
			children = (
				82803949216E58C700C9D47F /* Sprint 1-1 Table View Controller.app */,
			);
			name = Products;
			sourceTree = "<group>";
		};
		8280394B216E58C700C9D47F /* Sprint 1-1 Table View Controller */ = {
			isa = PBXGroup;
			children = (
				8280394C216E58C700C9D47F /* AppDelegate.swift */,
				82FCC68F216EF43800698A59 /* Model.swift */,
				8280394E216E58C700C9D47F /* TableViewController.swift */,
				82FCC68D216EE86C00698A59 /* DetailViewController.swift */,
				82803950216E58C700C9D47F /* Main.storyboard */,
				82803953216E58C800C9D47F /* Assets.xcassets */,
				82803955216E58C800C9D47F /* LaunchScreen.storyboard */,
				82803958216E58C800C9D47F /* Info.plist */,
			);
			path = "Sprint 1-1 Table View Controller";
			sourceTree = "<group>";
		};
/* End PBXGroup section */

/* Begin PBXNativeTarget section */
		82803948216E58C700C9D47F /* Sprint 1-1 Table View Controller */ = {
			isa = PBXNativeTarget;
			buildConfigurationList = 8280395B216E58C800C9D47F /* Build configuration list for PBXNativeTarget "Sprint 1-1 Table View Controller" */;
			buildPhases = (
				82803945216E58C700C9D47F /* Sources */,
				82803946216E58C700C9D47F /* Frameworks */,
				82803947216E58C700C9D47F /* Resources */,
			);
			buildRules = (
			);
			dependencies = (
			);
			name = "Sprint 1-1 Table View Controller";
			productName = "Sprint 1-1 Table View Controller";
			productReference = 82803949216E58C700C9D47F /* Sprint 1-1 Table View Controller.app */;
			productType = "com.apple.product-type.application";
		};
/* End PBXNativeTarget section */

/* Begin PBXProject section */
		82803941216E58C700C9D47F /* Project object */ = {
			isa = PBXProject;
			attributes = {
				LastSwiftUpdateCheck = 1000;
				LastUpgradeCheck = 1000;
				ORGANIZATIONNAME = "Lambda School";
				TargetAttributes = {
					82803948216E58C700C9D47F = {
						CreatedOnToolsVersion = 10.0;
					};
				};
			};
			buildConfigurationList = 82803944216E58C700C9D47F /* Build configuration list for PBXProject "Sprint 1-1 Table View Controller" */;
			compatibilityVersion = "Xcode 9.3";
			developmentRegion = en;
			hasScannedForEncodings = 0;
			knownRegions = (
				en,
				Base,
			);
			mainGroup = 82803940216E58C700C9D47F;
			productRefGroup = 8280394A216E58C700C9D47F /* Products */;
			projectDirPath = "";
			projectRoot = "";
			targets = (
				82803948216E58C700C9D47F /* Sprint 1-1 Table View Controller */,
			);
		};
/* End PBXProject section */

/* Begin PBXResourcesBuildPhase section */
		82803947216E58C700C9D47F /* Resources */ = {
			isa = PBXResourcesBuildPhase;
			buildActionMask = 2147483647;
			files = (
				82803957216E58C800C9D47F /* LaunchScreen.storyboard in Resources */,
				82803954216E58C800C9D47F /* Assets.xcassets in Resources */,
				82803952216E58C700C9D47F /* Main.storyboard in Resources */,
			);
			runOnlyForDeploymentPostprocessing = 0;
		};
/* End PBXResourcesBuildPhase section */

/* Begin PBXSourcesBuildPhase section */
		82803945216E58C700C9D47F /* Sources */ = {
			isa = PBXSourcesBuildPhase;
			buildActionMask = 2147483647;
			files = (
				82FCC68E216EE86C00698A59 /* DetailViewController.swift in Sources */,
				8280394F216E58C700C9D47F /* TableViewController.swift in Sources */,
				8280394D216E58C700C9D47F /* AppDelegate.swift in Sources */,
				82FCC690216EF43800698A59 /* Model.swift in Sources */,
			);
			runOnlyForDeploymentPostprocessing = 0;
		};
/* End PBXSourcesBuildPhase section */

/* Begin PBXVariantGroup section */
		82803950216E58C700C9D47F /* Main.storyboard */ = {
			isa = PBXVariantGroup;
			children = (
				82803951216E58C700C9D47F /* Base */,
			);
			name = Main.storyboard;
			sourceTree = "<group>";
		};
		82803955216E58C800C9D47F /* LaunchScreen.storyboard */ = {
			isa = PBXVariantGroup;
			children = (
				82803956216E58C800C9D47F /* Base */,
			);
			name = LaunchScreen.storyboard;
			sourceTree = "<group>";
		};
/* End PBXVariantGroup section */

/* Begin XCBuildConfiguration section */
		82803959216E58C800C9D47F /* Debug */ = {
			isa = XCBuildConfiguration;
			buildSettings = {
				ALWAYS_SEARCH_USER_PATHS = NO;
				CLANG_ANALYZER_NONNULL = YES;
				CLANG_ANALYZER_NUMBER_OBJECT_CONVERSION = YES_AGGRESSIVE;
				CLANG_CXX_LANGUAGE_STANDARD = "gnu++14";
				CLANG_CXX_LIBRARY = "libc++";
				CLANG_ENABLE_MODULES = YES;
				CLANG_ENABLE_OBJC_ARC = YES;
				CLANG_ENABLE_OBJC_WEAK = YES;
				CLANG_WARN_BLOCK_CAPTURE_AUTORELEASING = YES;
				CLANG_WARN_BOOL_CONVERSION = YES;
				CLANG_WARN_COMMA = YES;
				CLANG_WARN_CONSTANT_CONVERSION = YES;
				CLANG_WARN_DEPRECATED_OBJC_IMPLEMENTATIONS = YES;
				CLANG_WARN_DIRECT_OBJC_ISA_USAGE = YES_ERROR;
				CLANG_WARN_DOCUMENTATION_COMMENTS = YES;
				CLANG_WARN_EMPTY_BODY = YES;
				CLANG_WARN_ENUM_CONVERSION = YES;
				CLANG_WARN_INFINITE_RECURSION = YES;
				CLANG_WARN_INT_CONVERSION = YES;
				CLANG_WARN_NON_LITERAL_NULL_CONVERSION = YES;
				CLANG_WARN_OBJC_IMPLICIT_RETAIN_SELF = YES;
				CLANG_WARN_OBJC_LITERAL_CONVERSION = YES;
				CLANG_WARN_OBJC_ROOT_CLASS = YES_ERROR;
				CLANG_WARN_RANGE_LOOP_ANALYSIS = YES;
				CLANG_WARN_STRICT_PROTOTYPES = YES;
				CLANG_WARN_SUSPICIOUS_MOVE = YES;
				CLANG_WARN_UNGUARDED_AVAILABILITY = YES_AGGRESSIVE;
				CLANG_WARN_UNREACHABLE_CODE = YES;
				CLANG_WARN__DUPLICATE_METHOD_MATCH = YES;
				CODE_SIGN_IDENTITY = "iPhone Developer";
				COPY_PHASE_STRIP = NO;
				DEBUG_INFORMATION_FORMAT = dwarf;
				ENABLE_STRICT_OBJC_MSGSEND = YES;
				ENABLE_TESTABILITY = YES;
				GCC_C_LANGUAGE_STANDARD = gnu11;
				GCC_DYNAMIC_NO_PIC = NO;
				GCC_NO_COMMON_BLOCKS = YES;
				GCC_OPTIMIZATION_LEVEL = 0;
				GCC_PREPROCESSOR_DEFINITIONS = (
					"DEBUG=1",
					"$(inherited)",
				);
				GCC_WARN_64_TO_32_BIT_CONVERSION = YES;
				GCC_WARN_ABOUT_RETURN_TYPE = YES_ERROR;
				GCC_WARN_UNDECLARED_SELECTOR = YES;
				GCC_WARN_UNINITIALIZED_AUTOS = YES_AGGRESSIVE;
				GCC_WARN_UNUSED_FUNCTION = YES;
				GCC_WARN_UNUSED_VARIABLE = YES;
				IPHONEOS_DEPLOYMENT_TARGET = 12.0;
				MTL_ENABLE_DEBUG_INFO = INCLUDE_SOURCE;
				MTL_FAST_MATH = YES;
				ONLY_ACTIVE_ARCH = YES;
				SDKROOT = iphoneos;
				SWIFT_ACTIVE_COMPILATION_CONDITIONS = DEBUG;
				SWIFT_OPTIMIZATION_LEVEL = "-Onone";
			};
			name = Debug;
		};
		8280395A216E58C800C9D47F /* Release */ = {
			isa = XCBuildConfiguration;
			buildSettings = {
				ALWAYS_SEARCH_USER_PATHS = NO;
				CLANG_ANALYZER_NONNULL = YES;
				CLANG_ANALYZER_NUMBER_OBJECT_CONVERSION = YES_AGGRESSIVE;
				CLANG_CXX_LANGUAGE_STANDARD = "gnu++14";
				CLANG_CXX_LIBRARY = "libc++";
				CLANG_ENABLE_MODULES = YES;
				CLANG_ENABLE_OBJC_ARC = YES;
				CLANG_ENABLE_OBJC_WEAK = YES;
				CLANG_WARN_BLOCK_CAPTURE_AUTORELEASING = YES;
				CLANG_WARN_BOOL_CONVERSION = YES;
				CLANG_WARN_COMMA = YES;
				CLANG_WARN_CONSTANT_CONVERSION = YES;
				CLANG_WARN_DEPRECATED_OBJC_IMPLEMENTATIONS = YES;
				CLANG_WARN_DIRECT_OBJC_ISA_USAGE = YES_ERROR;
				CLANG_WARN_DOCUMENTATION_COMMENTS = YES;
				CLANG_WARN_EMPTY_BODY = YES;
				CLANG_WARN_ENUM_CONVERSION = YES;
				CLANG_WARN_INFINITE_RECURSION = YES;
				CLANG_WARN_INT_CONVERSION = YES;
				CLANG_WARN_NON_LITERAL_NULL_CONVERSION = YES;
				CLANG_WARN_OBJC_IMPLICIT_RETAIN_SELF = YES;
				CLANG_WARN_OBJC_LITERAL_CONVERSION = YES;
				CLANG_WARN_OBJC_ROOT_CLASS = YES_ERROR;
				CLANG_WARN_RANGE_LOOP_ANALYSIS = YES;
				CLANG_WARN_STRICT_PROTOTYPES = YES;
				CLANG_WARN_SUSPICIOUS_MOVE = YES;
				CLANG_WARN_UNGUARDED_AVAILABILITY = YES_AGGRESSIVE;
				CLANG_WARN_UNREACHABLE_CODE = YES;
				CLANG_WARN__DUPLICATE_METHOD_MATCH = YES;
				CODE_SIGN_IDENTITY = "iPhone Developer";
				COPY_PHASE_STRIP = NO;
				DEBUG_INFORMATION_FORMAT = "dwarf-with-dsym";
				ENABLE_NS_ASSERTIONS = NO;
				ENABLE_STRICT_OBJC_MSGSEND = YES;
				GCC_C_LANGUAGE_STANDARD = gnu11;
				GCC_NO_COMMON_BLOCKS = YES;
				GCC_WARN_64_TO_32_BIT_CONVERSION = YES;
				GCC_WARN_ABOUT_RETURN_TYPE = YES_ERROR;
				GCC_WARN_UNDECLARED_SELECTOR = YES;
				GCC_WARN_UNINITIALIZED_AUTOS = YES_AGGRESSIVE;
				GCC_WARN_UNUSED_FUNCTION = YES;
				GCC_WARN_UNUSED_VARIABLE = YES;
				IPHONEOS_DEPLOYMENT_TARGET = 12.0;
				MTL_ENABLE_DEBUG_INFO = NO;
				MTL_FAST_MATH = YES;
				SDKROOT = iphoneos;
				SWIFT_COMPILATION_MODE = wholemodule;
				SWIFT_OPTIMIZATION_LEVEL = "-O";
				VALIDATE_PRODUCT = YES;
			};
			name = Release;
		};
		8280395C216E58C800C9D47F /* Debug */ = {
			isa = XCBuildConfiguration;
			buildSettings = {
				ASSETCATALOG_COMPILER_APPICON_NAME = AppIcon;
				CODE_SIGN_STYLE = Automatic;
				INFOPLIST_FILE = "Sprint 1-1 Table View Controller/Info.plist";
				LD_RUNPATH_SEARCH_PATHS = (
					"$(inherited)",
					"@executable_path/Frameworks",
				);
				PRODUCT_BUNDLE_IDENTIFIER = "com.Lambdaschool.Sprint-1-1-Table-View-Controller";
				PRODUCT_NAME = "$(TARGET_NAME)";
				SWIFT_VERSION = 4.2;
				TARGETED_DEVICE_FAMILY = "1,2";
			};
			name = Debug;
		};
		8280395D216E58C800C9D47F /* Release */ = {
			isa = XCBuildConfiguration;
			buildSettings = {
				ASSETCATALOG_COMPILER_APPICON_NAME = AppIcon;
				CODE_SIGN_STYLE = Automatic;
				INFOPLIST_FILE = "Sprint 1-1 Table View Controller/Info.plist";
				LD_RUNPATH_SEARCH_PATHS = (
					"$(inherited)",
					"@executable_path/Frameworks",
				);
				PRODUCT_BUNDLE_IDENTIFIER = "com.Lambdaschool.Sprint-1-1-Table-View-Controller";
				PRODUCT_NAME = "$(TARGET_NAME)";
				SWIFT_VERSION = 4.2;
				TARGETED_DEVICE_FAMILY = "1,2";
			};
			name = Release;
		};
/* End XCBuildConfiguration section */

/* Begin XCConfigurationList section */
		82803944216E58C700C9D47F /* Build configuration list for PBXProject "Sprint 1-1 Table View Controller" */ = {
			isa = XCConfigurationList;
			buildConfigurations = (
				82803959216E58C800C9D47F /* Debug */,
				8280395A216E58C800C9D47F /* Release */,
			);
			defaultConfigurationIsVisible = 0;
			defaultConfigurationName = Release;
		};
		8280395B216E58C800C9D47F /* Build configuration list for PBXNativeTarget "Sprint 1-1 Table View Controller" */ = {
			isa = XCConfigurationList;
			buildConfigurations = (
				8280395C216E58C800C9D47F /* Debug */,
				8280395D216E58C800C9D47F /* Release */,
			);
			defaultConfigurationIsVisible = 0;
			defaultConfigurationName = Release;
		};
/* End XCConfigurationList section */
	};
	rootObject = 82803941216E58C700C9D47F /* Project object */;
}
